
Microsoft Visual Studio Solution File, Format Version 12.00
# Visual Studio 2015
Project("{FAE04EC0-301F-11D3-BF4B-00C04F79EFBC}") = "Commandos-Like-Game.Plugins", "Commandos-Like-Game.Plugins.csproj", "{95CD8523-6956-0D58-5AF5-82DDC8FCC32A}"
EndProject
Project("{FAE04EC0-301F-11D3-BF4B-00C04F79EFBC}") = "Commandos-Like-Game", "Commandos-Like-Game.csproj", "{3707BB4F-E47B-61FD-CF7E-5E65DC562D15}"
EndProject
Project("{FAE04EC0-301F-11D3-BF4B-00C04F79EFBC}") = "Commandos-Like-Game.Editor.Plugins", "Commandos-Like-Game.Editor.Plugins.csproj", "{6FBC7DB1-CA9A-7F09-F41B-9791649C44D1}"
EndProject
Global
	GlobalSection(SolutionConfigurationPlatforms) = preSolution
		Debug|Any CPU = Debug|Any CPU
		Release|Any CPU = Release|Any CPU
	EndGlobalSection
	GlobalSection(ProjectConfigurationPlatforms) = postSolution
		{95CD8523-6956-0D58-5AF5-82DDC8FCC32A}.Debug|Any CPU.ActiveCfg = Debug|Any CPU
		{95CD8523-6956-0D58-5AF5-82DDC8FCC32A}.Debug|Any CPU.Build.0 = Debug|Any CPU
		{95CD8523-6956-0D58-5AF5-82DDC8FCC32A}.Release|Any CPU.ActiveCfg = Release|Any CPU
		{95CD8523-6956-0D58-5AF5-82DDC8FCC32A}.Release|Any CPU.Build.0 = Release|Any CPU
		{3707BB4F-E47B-61FD-CF7E-5E65DC562D15}.Debug|Any CPU.ActiveCfg = Debug|Any CPU
		{3707BB4F-E47B-61FD-CF7E-5E65DC562D15}.Debug|Any CPU.Build.0 = Debug|Any CPU
		{3707BB4F-E47B-61FD-CF7E-5E65DC562D15}.Release|Any CPU.ActiveCfg = Release|Any CPU
		{3707BB4F-E47B-61FD-CF7E-5E65DC562D15}.Release|Any CPU.Build.0 = Release|Any CPU
		{6FBC7DB1-CA9A-7F09-F41B-9791649C44D1}.Debug|Any CPU.ActiveCfg = Debug|Any CPU
		{6FBC7DB1-CA9A-7F09-F41B-9791649C44D1}.Debug|Any CPU.Build.0 = Debug|Any CPU
		{6FBC7DB1-CA9A-7F09-F41B-9791649C44D1}.Release|Any CPU.ActiveCfg = Release|Any CPU
		{6FBC7DB1-CA9A-7F09-F41B-9791649C44D1}.Release|Any CPU.Build.0 = Release|Any CPU
	EndGlobalSection
	GlobalSection(SolutionProperties) = preSolution
		HideSolutionNode = FALSE
	EndGlobalSection
EndGlobal
